	<Project xmlns="http://schemas.microsoft.com/developer/msbuild/2003">
		<PropertyGroup>
			<ProjectGuid>{757bd3a2-b78f-4765-9300-cd4f45207b49}</ProjectGuid>
			<MainSource>JpegDumpXE.dpr</MainSource>
			<Configuration Condition=" '$(Configuration)' == '' ">Debug</Configuration>
			<DCC_DCCCompiler>DCC32</DCC_DCCCompiler>
			<DCC_DependencyCheckOutputName>..\Bin\Win32\Debug\JpegDump.exe</DCC_DependencyCheckOutputName>
			<ProjectVersion>12.3</ProjectVersion>
			<Config Condition="'$(Config)'==''">Debug</Config>
			<Base>True</Base>
			<Platform>Win32</Platform>
			<AppType>Application</AppType>
			<FrameworkType>VCL</FrameworkType>
		</PropertyGroup>
		<PropertyGroup Condition="'$(Config)'=='Base' or '$(Base)'!=''">
			<Base>true</Base>
		</PropertyGroup>
		<PropertyGroup Condition="'$(Config)'=='Release' or '$(Cfg_1)'!=''">
			<Cfg_1>true</Cfg_1>
			<CfgParent>Base</CfgParent>
			<Base>true</Base>
		</PropertyGroup>
		<PropertyGroup Condition="'$(Config)'=='Debug' or '$(Cfg_2)'!=''">
			<Cfg_2>true</Cfg_2>
			<CfgParent>Base</CfgParent>
			<Base>true</Base>
		</PropertyGroup>
		<PropertyGroup Condition="'$(Base)'!=''">
			<DCC_Define>VCL;$(DCC_Define)</DCC_Define>
			<DCC_ExeOutput>..\Bin\$(Platform)\$(Config)</DCC_ExeOutput>
			<DCC_DcuOutput>..\..\DCUs\$(Platform)\$(Config)</DCC_DcuOutput>
			<DCC_DependencyCheckOutputName>JpegDump2009.exe</DCC_DependencyCheckOutputName>
			<DCC_UsePackage>vcl;rtl;vclx;vclactnband;dbrtl;vcldb;bdertl;dsnap;teeUI;teedb;tee;adortl;dbxcds;dbexpress;DbxCommonDriver;VclSmp;vclie;webdsnap;xmlrtl;inet;inetdbbde;inetdbxpress;soaprtl;vcldbx</DCC_UsePackage>
		</PropertyGroup>
		<PropertyGroup Condition="'$(Cfg_1)'!=''">
			<DCC_DependencyCheckOutputName>..\Bin\Win32\Release\JpegDump2009.exe</DCC_DependencyCheckOutputName>
			<Version>7.0</Version>
			<DCC_Define>RELEASE;$(DCC_Define)</DCC_Define>
			<DCC_ObjOutput>..\..\DCUs\Win32\Release</DCC_ObjOutput>
			<DCC_HppOutput>..\..\DCUs\Win32\Release</DCC_HppOutput>
		</PropertyGroup>
		<PropertyGroup Condition="'$(Cfg_2)'!=''">
			<DCC_DependencyCheckOutputName>..\Bin\Win32\Debug\JpegDump2009.exe</DCC_DependencyCheckOutputName>
			<Version>7.0</Version>
			<DCC_Define>DEBUG;$(DCC_Define)</DCC_Define>
			<DCC_IntegerOverflowCheck>True</DCC_IntegerOverflowCheck>
			<DCC_RangeChecking>True</DCC_RangeChecking>
			<DCC_UnitSearchPath>$(BDS)\lib\Debug;$(BDS)\Lib\Debug\Indy10;$(DCC_UnitSearchPath)</DCC_UnitSearchPath>
			<DCC_ResourcePath>$(BDS)\lib\Debug;$(BDS)\Lib\Debug\Indy10;$(DCC_ResourcePath)</DCC_ResourcePath>
			<DCC_ObjPath>$(BDS)\lib\Debug;$(BDS)\Lib\Debug\Indy10;$(DCC_ObjPath)</DCC_ObjPath>
			<DCC_IncludePath>$(BDS)\lib\Debug;$(BDS)\Lib\Debug\Indy10;$(DCC_IncludePath)</DCC_IncludePath>
			<DCC_ObjOutput>..\..\DCUs\Win32\Debug</DCC_ObjOutput>
			<DCC_HppOutput>..\..\DCUs\Win32\Debug</DCC_HppOutput>
		</PropertyGroup>
		<ProjectExtensions>
			<Borland.Personality>Delphi.Personality.12</Borland.Personality>
			<Borland.ProjectType>VCLApplication</Borland.ProjectType>
			<BorlandProject>
				<Delphi.Personality>
					<Parameters/>
					<VersionInfo>
						<VersionInfo Name="IncludeVerInfo">True</VersionInfo>
						<VersionInfo Name="AutoIncBuild">False</VersionInfo>
						<VersionInfo Name="MajorVer">1</VersionInfo>
						<VersionInfo Name="MinorVer">0</VersionInfo>
						<VersionInfo Name="Release">0</VersionInfo>
						<VersionInfo Name="Build">0</VersionInfo>
						<VersionInfo Name="Debug">False</VersionInfo>
						<VersionInfo Name="PreRelease">False</VersionInfo>
						<VersionInfo Name="Special">False</VersionInfo>
						<VersionInfo Name="Private">False</VersionInfo>
						<VersionInfo Name="DLL">False</VersionInfo>
						<VersionInfo Name="Locale">1033</VersionInfo>
						<VersionInfo Name="CodePage">1252</VersionInfo>
					</VersionInfo>
					<VersionInfoKeys>
						<VersionInfoKeys Name="CompanyName"/>
						<VersionInfoKeys Name="FileDescription"/>
						<VersionInfoKeys Name="FileVersion">1.0.0.0</VersionInfoKeys>
						<VersionInfoKeys Name="InternalName"/>
						<VersionInfoKeys Name="LegalCopyright"/>
						<VersionInfoKeys Name="LegalTrademarks"/>
						<VersionInfoKeys Name="OriginalFilename"/>
						<VersionInfoKeys Name="ProductName"/>
						<VersionInfoKeys Name="ProductVersion">1.0.0.0</VersionInfoKeys>
						<VersionInfoKeys Name="Comments"/>
						<VersionInfoKeys Name="Website">http://delphihaven.wordpress.com/</VersionInfoKeys>
					</VersionInfoKeys>
					<Excluded_Packages>
						<Excluded_Packages Name="$(BDSBIN)\dcloffice2k100.bpl">Microsoft Office 2000 Sample Automation Server Wrapper Components</Excluded_Packages>
						<Excluded_Packages Name="$(BDSBIN)\dclofficexp100.bpl">Microsoft Office XP Sample Automation Server Wrapper Components</Excluded_Packages>
					</Excluded_Packages>
					<Source>
						<Source Name="MainSource">JpegDumpXE.dpr</Source>
					</Source>
				</Delphi.Personality>
				<Platforms>
					<Platform value="Win32">True</Platform>
				</Platforms>
			</BorlandProject>
			<ProjectFileVersion>12</ProjectFileVersion>
		</ProjectExtensions>
		<ItemGroup>
			<DelphiCompile Include="JpegDumpXE.dpr">
				<MainSource>MainSource</MainSource>
			</DelphiCompile>
			<DCCReference Include="..\..\CCR.Exif.pas"/>
			<DCCReference Include="..\..\CCR.Exif.Consts.pas"/>
			<DCCReference Include="..\..\CCR.Exif.IPTC.pas"/>
			<DCCReference Include="..\..\CCR.Exif.BaseUtils.pas"/>
			<DCCReference Include="..\..\CCR.Exif.StreamHelper.pas"/>
			<DCCReference Include="..\..\CCR.Exif.TagIDs.pas"/>
			<DCCReference Include="..\..\CCR.Exif.TiffUtils.pas"/>
			<DCCReference Include="..\..\CCR.Exif.XMPUtils.pas"/>
			<DCCReference Include="..\CCR.Exif.Demos.pas">
				<Form>frmRoundtripOptions</Form>
			</DCCReference>
			<DCCReference Include="JpegDumpForm.pas">
				<Form>frmJpegDump</Form>
			</DCCReference>
			<DCCReference Include="JpegDumpOutputFrame.pas">
				<Form>OutputFrame</Form>
				<DesignClass>TFrame</DesignClass>
			</DCCReference>
			<BuildConfiguration Include="Debug">
				<Key>Cfg_2</Key>
				<CfgParent>Base</CfgParent>
			</BuildConfiguration>
			<BuildConfiguration Include="Base">
				<Key>Base</Key>
			</BuildConfiguration>
			<BuildConfiguration Include="Release">
				<Key>Cfg_1</Key>
				<CfgParent>Base</CfgParent>
			</BuildConfiguration>
		</ItemGroup>
		<Import Condition="Exists('$(BDS)\Bin\CodeGear.Delphi.Targets')" Project="$(BDS)\Bin\CodeGear.Delphi.Targets"/>
		<Import Condition="Exists('$(APPDATA)\Embarcadero\$(BDSAPPDATABASEDIR)\$(PRODUCTVERSION)\UserTools.proj')" Project="$(APPDATA)\Embarcadero\$(BDSAPPDATABASEDIR)\$(PRODUCTVERSION)\UserTools.proj"/>
	</Project>
