<?xml version="1.0" encoding="utf-8"?>
<Project xmlns="http://schemas.microsoft.com/developer/msbuild/2003">
  <PropertyGroup>
    <ProjectGuid>{653d3cbd-5115-4431-afc9-e0ae93934dc3}</ProjectGuid>
    <Configuration Condition=" '$(Configuration)' == '' ">Debug</Configuration>
    <Platform Condition=" '$(Platform)' == '' ">AnyCPU</Platform>
    <DCC_DCCCompiler>DCC32</DCC_DCCCompiler>
    <DCC_DependencyCheckOutputName>ExifList.exe</DCC_DependencyCheckOutputName>
    <MainSource>ExifList.dpr</MainSource>
  </PropertyGroup>
  <PropertyGroup Condition=" '$(Configuration)|$(Platform)' == 'Release|AnyCPU' ">
    <Version>7.0</Version>
    <DCC_DebugInformation>False</DCC_DebugInformation>
    <DCC_LocalDebugSymbols>False</DCC_LocalDebugSymbols>
    <DCC_SymbolReferenceInfo>0</DCC_SymbolReferenceInfo>
    <DCC_Define>RELEASE</DCC_Define>
  </PropertyGroup>
  <PropertyGroup Condition=" '$(Configuration)|$(Platform)' == 'Debug|AnyCPU' ">
    <Version>7.0</Version>
    <DCC_Define>DEBUG</DCC_Define>
    <DCC_RangeChecking>True</DCC_RangeChecking>
    <DCC_IntegerOverflowCheck>True</DCC_IntegerOverflowCheck>
  </PropertyGroup>
  <ProjectExtensions>
    <Borland.Personality>Delphi.Personality</Borland.Personality>
    <Borland.ProjectType />
    <BorlandProject>
<BorlandProject><Delphi.Personality><Parameters><Parameters Name="UseLauncher">False</Parameters><Parameters Name="LoadAllSymbols">True</Parameters><Parameters Name="LoadUnspecifiedSymbols">False</Parameters><Parameters Name="RunParams">"C:\Users\CCR\Desktop\Test\Bertram 12-2-10.jpg"</Parameters></Parameters><VersionInfo><VersionInfo Name="IncludeVerInfo">True</VersionInfo><VersionInfo Name="AutoIncBuild">False</VersionInfo><VersionInfo Name="MajorVer">1</VersionInfo><VersionInfo Name="MinorVer">1</VersionInfo><VersionInfo Name="Release">0</VersionInfo><VersionInfo Name="Build">2010</VersionInfo><VersionInfo Name="Debug">False</VersionInfo><VersionInfo Name="PreRelease">False</VersionInfo><VersionInfo Name="Special">False</VersionInfo><VersionInfo Name="Private">False</VersionInfo><VersionInfo Name="DLL">False</VersionInfo><VersionInfo Name="Locale">2057</VersionInfo><VersionInfo Name="CodePage">1252</VersionInfo></VersionInfo><VersionInfoKeys><VersionInfoKeys Name="CompanyName">Christopher Rolliston</VersionInfoKeys><VersionInfoKeys Name="FileDescription">Exif Tag List</VersionInfoKeys><VersionInfoKeys Name="FileVersion">1.1.0.2010</VersionInfoKeys><VersionInfoKeys Name="InternalName">ExifList</VersionInfoKeys><VersionInfoKeys Name="LegalCopyright">Copyright (c) CC Rolliston</VersionInfoKeys><VersionInfoKeys Name="LegalTrademarks"></VersionInfoKeys><VersionInfoKeys Name="OriginalFilename">ExifList.exe</VersionInfoKeys><VersionInfoKeys Name="ProductName">Exif Utilities</VersionInfoKeys><VersionInfoKeys Name="ProductVersion">1.1.0.2010</VersionInfoKeys><VersionInfoKeys Name="Comments"></VersionInfoKeys><VersionInfoKeys Name="Website">http://delphihaven.wordpress.com/</VersionInfoKeys></VersionInfoKeys><Excluded_Packages>
      
      
      
      
      <Excluded_Packages Name="$(BDS)\bin\dcloffice2k100.bpl">Microsoft Office 2000 Sample Automation Server Wrapper Components</Excluded_Packages>
      <Excluded_Packages Name="$(BDS)\bin\dclofficexp100.bpl">Microsoft Office XP Sample Automation Server Wrapper Components</Excluded_Packages>
    </Excluded_Packages><Source><Source Name="MainSource">ExifList.dpr</Source></Source></Delphi.Personality></BorlandProject></BorlandProject>
  </ProjectExtensions>
  <Import Project="$(MSBuildBinPath)\Borland.Delphi.Targets" />
  <ItemGroup>
    <DelphiCompile Include="ExifList.dpr">
      <MainSource>MainSource</MainSource>
    </DelphiCompile>
    <DCCReference Include="..\..\CCR.Exif.Consts.pas" />
    <DCCReference Include="..\..\CCR.Exif.IPTC.pas" />
    <DCCReference Include="..\..\CCR.Exif.JPEGUtils.pas" />
    <DCCReference Include="..\..\CCR.Exif.pas" />
    <DCCReference Include="..\..\CCR.Exif.StreamHelper.pas" />
    <DCCReference Include="..\..\CCR.Exif.TagIDs.pas" />
    <DCCReference Include="..\..\CCR.Exif.XMPUtils.pas" />
    <DCCReference Include="..\CCR.Exif.Demos.pas">
      <Form>frmRoundtripOptions</Form>
    </DCCReference>
    <DCCReference Include="ExifListForm.pas">
      <Form>frmExifList</Form>
    </DCCReference>
    <DCCReference Include="ExifListFrame.pas">
      <Form>OutputFrame</Form>
    </DCCReference>
    <None Include="MakerNotes.ini" />
  </ItemGroup>
</Project>